PODS:
  - Alamofire (4.9.1)
  - AlamofireObjectMapper (5.2.1):
    - Alamofire (~> 4.7)
    - ObjectMapper (~> 3.4)
  - ObjectMapper (3.5.1)

DEPENDENCIES:
  - Alamofire (~> 4.9.0)
  - AlamofireObjectMapper (~> 5.0)

SPEC REPOS:
  trunk:
    - Alamofire
    - AlamofireObjectMapper
    - ObjectMapper

SPEC CHECKSUMS:
  Alamofire: 85e8a02c69d6020a0d734f6054870d7ecb75cf18
  AlamofireObjectMapper: 1989f690e982b71921b9253f53a4f33a9bc00d88
  ObjectMapper: 70187b8941977c62ccfb423caf6b50be405cabf0

PODFILE CHECKSUM: 0abc60131ca36d251ba204a0516cfb3213a87dd2

COCOAPODS: 1.8.4
