// !$*UTF8*$!
{
	archiveVersion = 1;
	classes = {
	};
	objectVersion = 51;
	objects = {

/* Begin PBXBuildFile section */
		12D2874E8792C44CC0C01D64 /* Pods_SwedbankPaySDKTests.framework in Frameworks */ = {isa = PBXBuildFile; fileRef = A88F6FC2C0FDDDD83A2DDFEF /* Pods_SwedbankPaySDKTests.framework */; };
		74A338E7B5914B7895F6C183 /* Pods_SwedbankPaySDK.framework in Frameworks */ = {isa = PBXBuildFile; fileRef = 111BB8C928CC879B20328A64 /* Pods_SwedbankPaySDK.framework */; };
		A59E006A2386AF760070A82D /* SwedbankPaySDKViewModelTests.swift in Sources */ = {isa = PBXBuildFile; fileRef = A59E00692386AF760070A82D /* SwedbankPaySDKViewModelTests.swift */; };
		C50CF68B237AA204003F79DF /* Operation.swift in Sources */ = {isa = PBXBuildFile; fileRef = C50CF68A237AA204003F79DF /* Operation.swift */; };
		C50CF68D237AA3B0003F79DF /* TypeAliases.swift in Sources */ = {isa = PBXBuildFile; fileRef = C50CF68C237AA3B0003F79DF /* TypeAliases.swift */; };
		C50CF68F237AA43E003F79DF /* SDKProblemString.swift in Sources */ = {isa = PBXBuildFile; fileRef = C50CF68E237AA43E003F79DF /* SDKProblemString.swift */; };
		C50CF691237AA495003F79DF /* SwedbankWebView.swift in Sources */ = {isa = PBXBuildFile; fileRef = C50CF690237AA494003F79DF /* SwedbankWebView.swift */; };
		C50CF693237AA7DE003F79DF /* ClientProblemType.swift in Sources */ = {isa = PBXBuildFile; fileRef = C50CF692237AA7DE003F79DF /* ClientProblemType.swift */; };
		C50CF695237AA7F7003F79DF /* ServerProblemType.swift in Sources */ = {isa = PBXBuildFile; fileRef = C50CF694237AA7F7003F79DF /* ServerProblemType.swift */; };
		C50CF697237AA8ED003F79DF /* Configuration.swift in Sources */ = {isa = PBXBuildFile; fileRef = C50CF696237AA8ED003F79DF /* Configuration.swift */; };
		C50CF699237AAC73003F79DF /* WhitelistedDomain.swift in Sources */ = {isa = PBXBuildFile; fileRef = C50CF698237AAC73003F79DF /* WhitelistedDomain.swift */; };
		C50CF69B237AAC99003F79DF /* PinPublicKeys.swift in Sources */ = {isa = PBXBuildFile; fileRef = C50CF69A237AAC99003F79DF /* PinPublicKeys.swift */; };
		C50CF69D237AACC3003F79DF /* Consumer.swift in Sources */ = {isa = PBXBuildFile; fileRef = C50CF69C237AACC3003F79DF /* Consumer.swift */; };
		C50CF69F237AACEC003F79DF /* NationalIdentifier.swift in Sources */ = {isa = PBXBuildFile; fileRef = C50CF69E237AACEC003F79DF /* NationalIdentifier.swift */; };
		C50CF6A1237AAD15003F79DF /* Problem.swift in Sources */ = {isa = PBXBuildFile; fileRef = C50CF6A0237AAD15003F79DF /* Problem.swift */; };
		C50CF6A5237AAF47003F79DF /* SwedbankPaySubProblem.swift in Sources */ = {isa = PBXBuildFile; fileRef = C50CF6A4237AAF47003F79DF /* SwedbankPaySubProblem.swift */; };
		C50CF6A7237AAF85003F79DF /* ClientProblem.swift in Sources */ = {isa = PBXBuildFile; fileRef = C50CF6A6237AAF85003F79DF /* ClientProblem.swift */; };
		C50CF6A9237AAFBF003F79DF /* ServerProblem.swift in Sources */ = {isa = PBXBuildFile; fileRef = C50CF6A8237AAFBF003F79DF /* ServerProblem.swift */; };
		C50CF6B9237AB269003F79DF /* OperationsList.swift in Sources */ = {isa = PBXBuildFile; fileRef = C50CF6B8237AB269003F79DF /* OperationsList.swift */; };
		C50CF6BB237ABACF003F79DF /* ClientProblemType.swift in Sources */ = {isa = PBXBuildFile; fileRef = C50CF692237AA7DE003F79DF /* ClientProblemType.swift */; };
		C50CF6BC237ABACF003F79DF /* EndPointName.swift in Sources */ = {isa = PBXBuildFile; fileRef = C585AF29237066EE006C2E16 /* EndPointName.swift */; };
		C50CF6BD237ABACF003F79DF /* Operation.swift in Sources */ = {isa = PBXBuildFile; fileRef = C50CF68A237AA204003F79DF /* Operation.swift */; };
		C50CF6BE237ABACF003F79DF /* OperationsList.swift in Sources */ = {isa = PBXBuildFile; fileRef = C50CF6B8237AB269003F79DF /* OperationsList.swift */; };
		C50CF6BF237ABACF003F79DF /* SDKProblemString.swift in Sources */ = {isa = PBXBuildFile; fileRef = C50CF68E237AA43E003F79DF /* SDKProblemString.swift */; };
		C50CF6C0237ABACF003F79DF /* ServerProblemType.swift in Sources */ = {isa = PBXBuildFile; fileRef = C50CF694237AA7F7003F79DF /* ServerProblemType.swift */; };
		C50CF6C1237ABACF003F79DF /* SwedbankWebView.swift in Sources */ = {isa = PBXBuildFile; fileRef = C50CF690237AA494003F79DF /* SwedbankWebView.swift */; };
		C50CF6C2237ABAD3003F79DF /* TypeAliases.swift in Sources */ = {isa = PBXBuildFile; fileRef = C50CF68C237AA3B0003F79DF /* TypeAliases.swift */; };
		C50CF6C3237ABAD8003F79DF /* Configuration.swift in Sources */ = {isa = PBXBuildFile; fileRef = C50CF696237AA8ED003F79DF /* Configuration.swift */; };
		C50CF6C4237ABAD8003F79DF /* WhitelistedDomain.swift in Sources */ = {isa = PBXBuildFile; fileRef = C50CF698237AAC73003F79DF /* WhitelistedDomain.swift */; };
		C50CF6C5237ABAD8003F79DF /* PinPublicKeys.swift in Sources */ = {isa = PBXBuildFile; fileRef = C50CF69A237AAC99003F79DF /* PinPublicKeys.swift */; };
		C50CF6C6237ABAD8003F79DF /* Consumer.swift in Sources */ = {isa = PBXBuildFile; fileRef = C50CF69C237AACC3003F79DF /* Consumer.swift */; };
		C50CF6C7237ABAD8003F79DF /* NationalIdentifier.swift in Sources */ = {isa = PBXBuildFile; fileRef = C50CF69E237AACEC003F79DF /* NationalIdentifier.swift */; };
		C50CF6C8237ABAD8003F79DF /* Problem.swift in Sources */ = {isa = PBXBuildFile; fileRef = C50CF6A0237AAD15003F79DF /* Problem.swift */; };
		C50CF6C9237ABAD8003F79DF /* SwedbankPaySubProblem.swift in Sources */ = {isa = PBXBuildFile; fileRef = C50CF6A4237AAF47003F79DF /* SwedbankPaySubProblem.swift */; };
		C50CF6CA237ABAD8003F79DF /* ClientProblem.swift in Sources */ = {isa = PBXBuildFile; fileRef = C50CF6A6237AAF85003F79DF /* ClientProblem.swift */; };
		C50CF6CB237ABAD8003F79DF /* ServerProblem.swift in Sources */ = {isa = PBXBuildFile; fileRef = C50CF6A8237AAFBF003F79DF /* ServerProblem.swift */; };
		C50CF6CC237ABADC003F79DF /* SwedbankPaySDK.swift in Sources */ = {isa = PBXBuildFile; fileRef = C585AF27237066EE006C2E16 /* SwedbankPaySDK.swift */; };
		C50CF6CD237ABADE003F79DF /* SwedbankPaySDKController.swift in Sources */ = {isa = PBXBuildFile; fileRef = C585AF2A237066EE006C2E16 /* SwedbankPaySDKController.swift */; };
		C50CF6CE237ABAE2003F79DF /* SwedbankPaySDKViewModel.swift in Sources */ = {isa = PBXBuildFile; fileRef = C585AF28237066EE006C2E16 /* SwedbankPaySDKViewModel.swift */; };
		C50CF6CF237ABAE4003F79DF /* SwedbankPaySDKToSViewController.swift in Sources */ = {isa = PBXBuildFile; fileRef = C585AF26237066EE006C2E16 /* SwedbankPaySDKToSViewController.swift */; };
		C552630323706467005E97DC /* SwedbankPaySDK.framework in Frameworks */ = {isa = PBXBuildFile; fileRef = C55262F923706467005E97DC /* SwedbankPaySDK.framework */; };
		C552630823706467005E97DC /* SwedbankPaySDKTests.swift in Sources */ = {isa = PBXBuildFile; fileRef = C552630723706467005E97DC /* SwedbankPaySDKTests.swift */; };
		C585AF23237066DC006C2E16 /* LICENSE in Resources */ = {isa = PBXBuildFile; fileRef = C585AF21237066DC006C2E16 /* LICENSE */; };
		C585AF24237066DC006C2E16 /* README.md in Resources */ = {isa = PBXBuildFile; fileRef = C585AF22237066DC006C2E16 /* README.md */; };
		C585AF2B237066EE006C2E16 /* SwedbankPaySDKToSViewController.swift in Sources */ = {isa = PBXBuildFile; fileRef = C585AF26237066EE006C2E16 /* SwedbankPaySDKToSViewController.swift */; };
		C585AF2C237066EE006C2E16 /* SwedbankPaySDK.swift in Sources */ = {isa = PBXBuildFile; fileRef = C585AF27237066EE006C2E16 /* SwedbankPaySDK.swift */; };
		C585AF2D237066EE006C2E16 /* SwedbankPaySDKViewModel.swift in Sources */ = {isa = PBXBuildFile; fileRef = C585AF28237066EE006C2E16 /* SwedbankPaySDKViewModel.swift */; };
		C585AF2E237066EE006C2E16 /* EndPointName.swift in Sources */ = {isa = PBXBuildFile; fileRef = C585AF29237066EE006C2E16 /* EndPointName.swift */; };
		C585AF2F237066EE006C2E16 /* SwedbankPaySDKController.swift in Sources */ = {isa = PBXBuildFile; fileRef = C585AF2A237066EE006C2E16 /* SwedbankPaySDKController.swift */; };
		C585AF31237066FB006C2E16 /* SwedbankPaySDK.podspec in Resources */ = {isa = PBXBuildFile; fileRef = C585AF30237066FB006C2E16 /* SwedbankPaySDK.podspec */; };
/* End PBXBuildFile section */

/* Begin PBXContainerItemProxy section */
		C552630423706467005E97DC /* PBXContainerItemProxy */ = {
			isa = PBXContainerItemProxy;
			containerPortal = C55262F023706467005E97DC /* Project object */;
			proxyType = 1;
			remoteGlobalIDString = C55262F823706467005E97DC;
			remoteInfo = SwedbankPaySDK;
		};
/* End PBXContainerItemProxy section */

/* Begin PBXFileReference section */
		110CDE8EA475CE5CC951BFC4 /* Pods-SwedbankPaySDK.release.xcconfig */ = {isa = PBXFileReference; includeInIndex = 1; lastKnownFileType = text.xcconfig; name = "Pods-SwedbankPaySDK.release.xcconfig"; path = "Target Support Files/Pods-SwedbankPaySDK/Pods-SwedbankPaySDK.release.xcconfig"; sourceTree = "<group>"; };
		111BB8C928CC879B20328A64 /* Pods_SwedbankPaySDK.framework */ = {isa = PBXFileReference; explicitFileType = wrapper.framework; includeInIndex = 0; path = Pods_SwedbankPaySDK.framework; sourceTree = BUILT_PRODUCTS_DIR; };
		9D457A0E796800259ABC0664 /* Pods-SwedbankPaySDK.debug.xcconfig */ = {isa = PBXFileReference; includeInIndex = 1; lastKnownFileType = text.xcconfig; name = "Pods-SwedbankPaySDK.debug.xcconfig"; path = "Target Support Files/Pods-SwedbankPaySDK/Pods-SwedbankPaySDK.debug.xcconfig"; sourceTree = "<group>"; };
		A59E00692386AF760070A82D /* SwedbankPaySDKViewModelTests.swift */ = {isa = PBXFileReference; lastKnownFileType = sourcecode.swift; path = SwedbankPaySDKViewModelTests.swift; sourceTree = "<group>"; };
		A88F6FC2C0FDDDD83A2DDFEF /* Pods_SwedbankPaySDKTests.framework */ = {isa = PBXFileReference; explicitFileType = wrapper.framework; includeInIndex = 0; path = Pods_SwedbankPaySDKTests.framework; sourceTree = BUILT_PRODUCTS_DIR; };
		AB85979580F4719F54964406 /* Pods-SwedbankPaySDKTests.debug.xcconfig */ = {isa = PBXFileReference; includeInIndex = 1; lastKnownFileType = text.xcconfig; name = "Pods-SwedbankPaySDKTests.debug.xcconfig"; path = "Target Support Files/Pods-SwedbankPaySDKTests/Pods-SwedbankPaySDKTests.debug.xcconfig"; sourceTree = "<group>"; };
		B91F2029A3536C2C20B660C3 /* Pods-SwedbankPaySDKTests.release.xcconfig */ = {isa = PBXFileReference; includeInIndex = 1; lastKnownFileType = text.xcconfig; name = "Pods-SwedbankPaySDKTests.release.xcconfig"; path = "Target Support Files/Pods-SwedbankPaySDKTests/Pods-SwedbankPaySDKTests.release.xcconfig"; sourceTree = "<group>"; };
		C50CF68A237AA204003F79DF /* Operation.swift */ = {isa = PBXFileReference; lastKnownFileType = sourcecode.swift; path = Operation.swift; sourceTree = "<group>"; };
		C50CF68C237AA3B0003F79DF /* TypeAliases.swift */ = {isa = PBXFileReference; lastKnownFileType = sourcecode.swift; path = TypeAliases.swift; sourceTree = "<group>"; };
		C50CF68E237AA43E003F79DF /* SDKProblemString.swift */ = {isa = PBXFileReference; lastKnownFileType = sourcecode.swift; path = SDKProblemString.swift; sourceTree = "<group>"; };
		C50CF690237AA494003F79DF /* SwedbankWebView.swift */ = {isa = PBXFileReference; lastKnownFileType = sourcecode.swift; path = SwedbankWebView.swift; sourceTree = "<group>"; };
		C50CF692237AA7DE003F79DF /* ClientProblemType.swift */ = {isa = PBXFileReference; lastKnownFileType = sourcecode.swift; path = ClientProblemType.swift; sourceTree = "<group>"; };
		C50CF694237AA7F7003F79DF /* ServerProblemType.swift */ = {isa = PBXFileReference; lastKnownFileType = sourcecode.swift; path = ServerProblemType.swift; sourceTree = "<group>"; };
		C50CF696237AA8ED003F79DF /* Configuration.swift */ = {isa = PBXFileReference; lastKnownFileType = sourcecode.swift; path = Configuration.swift; sourceTree = "<group>"; };
		C50CF698237AAC73003F79DF /* WhitelistedDomain.swift */ = {isa = PBXFileReference; lastKnownFileType = sourcecode.swift; path = WhitelistedDomain.swift; sourceTree = "<group>"; };
		C50CF69A237AAC99003F79DF /* PinPublicKeys.swift */ = {isa = PBXFileReference; lastKnownFileType = sourcecode.swift; path = PinPublicKeys.swift; sourceTree = "<group>"; };
		C50CF69C237AACC3003F79DF /* Consumer.swift */ = {isa = PBXFileReference; lastKnownFileType = sourcecode.swift; path = Consumer.swift; sourceTree = "<group>"; };
		C50CF69E237AACEC003F79DF /* NationalIdentifier.swift */ = {isa = PBXFileReference; lastKnownFileType = sourcecode.swift; path = NationalIdentifier.swift; sourceTree = "<group>"; };
		C50CF6A0237AAD15003F79DF /* Problem.swift */ = {isa = PBXFileReference; lastKnownFileType = sourcecode.swift; path = Problem.swift; sourceTree = "<group>"; };
		C50CF6A4237AAF47003F79DF /* SwedbankPaySubProblem.swift */ = {isa = PBXFileReference; lastKnownFileType = sourcecode.swift; path = SwedbankPaySubProblem.swift; sourceTree = "<group>"; };
		C50CF6A6237AAF85003F79DF /* ClientProblem.swift */ = {isa = PBXFileReference; lastKnownFileType = sourcecode.swift; path = ClientProblem.swift; sourceTree = "<group>"; };
		C50CF6A8237AAFBF003F79DF /* ServerProblem.swift */ = {isa = PBXFileReference; lastKnownFileType = sourcecode.swift; path = ServerProblem.swift; sourceTree = "<group>"; };
		C50CF6B8237AB269003F79DF /* OperationsList.swift */ = {isa = PBXFileReference; lastKnownFileType = sourcecode.swift; path = OperationsList.swift; sourceTree = "<group>"; };
		C55262F923706467005E97DC /* SwedbankPaySDK.framework */ = {isa = PBXFileReference; explicitFileType = wrapper.framework; includeInIndex = 0; path = SwedbankPaySDK.framework; sourceTree = BUILT_PRODUCTS_DIR; };
		C552630223706467005E97DC /* SwedbankPaySDKTests.xctest */ = {isa = PBXFileReference; explicitFileType = wrapper.cfbundle; includeInIndex = 0; path = SwedbankPaySDKTests.xctest; sourceTree = BUILT_PRODUCTS_DIR; };
		C552630723706467005E97DC /* SwedbankPaySDKTests.swift */ = {isa = PBXFileReference; lastKnownFileType = sourcecode.swift; path = SwedbankPaySDKTests.swift; sourceTree = "<group>"; };
		C56B402923706D38000EB14A /* Info.plist */ = {isa = PBXFileReference; fileEncoding = 4; lastKnownFileType = text.plist.xml; path = Info.plist; sourceTree = "<group>"; };
		C573118B237070E200EA98A6 /* Info.plist */ = {isa = PBXFileReference; fileEncoding = 4; lastKnownFileType = text.plist.xml; path = Info.plist; sourceTree = "<group>"; };
		C585AF21237066DC006C2E16 /* LICENSE */ = {isa = PBXFileReference; fileEncoding = 4; lastKnownFileType = text; path = LICENSE; sourceTree = "<group>"; };
		C585AF22237066DC006C2E16 /* README.md */ = {isa = PBXFileReference; fileEncoding = 4; lastKnownFileType = net.daringfireball.markdown; path = README.md; sourceTree = "<group>"; };
		C585AF26237066EE006C2E16 /* SwedbankPaySDKToSViewController.swift */ = {isa = PBXFileReference; fileEncoding = 4; lastKnownFileType = sourcecode.swift; path = SwedbankPaySDKToSViewController.swift; sourceTree = "<group>"; };
		C585AF27237066EE006C2E16 /* SwedbankPaySDK.swift */ = {isa = PBXFileReference; fileEncoding = 4; lastKnownFileType = sourcecode.swift; path = SwedbankPaySDK.swift; sourceTree = "<group>"; };
		C585AF28237066EE006C2E16 /* SwedbankPaySDKViewModel.swift */ = {isa = PBXFileReference; fileEncoding = 4; lastKnownFileType = sourcecode.swift; path = SwedbankPaySDKViewModel.swift; sourceTree = "<group>"; };
		C585AF29237066EE006C2E16 /* EndPointName.swift */ = {isa = PBXFileReference; fileEncoding = 4; lastKnownFileType = sourcecode.swift; path = EndPointName.swift; sourceTree = "<group>"; };
		C585AF2A237066EE006C2E16 /* SwedbankPaySDKController.swift */ = {isa = PBXFileReference; fileEncoding = 4; lastKnownFileType = sourcecode.swift; path = SwedbankPaySDKController.swift; sourceTree = "<group>"; };
		C585AF30237066FB006C2E16 /* SwedbankPaySDK.podspec */ = {isa = PBXFileReference; fileEncoding = 4; lastKnownFileType = text; path = SwedbankPaySDK.podspec; sourceTree = "<group>"; xcLanguageSpecificationIdentifier = xcode.lang.ruby; };
/* End PBXFileReference section */

/* Begin PBXFrameworksBuildPhase section */
		C55262F623706467005E97DC /* Frameworks */ = {
			isa = PBXFrameworksBuildPhase;
			buildActionMask = 2147483647;
			files = (
				74A338E7B5914B7895F6C183 /* Pods_SwedbankPaySDK.framework in Frameworks */,
			);
			runOnlyForDeploymentPostprocessing = 0;
		};
		C55262FF23706467005E97DC /* Frameworks */ = {
			isa = PBXFrameworksBuildPhase;
			buildActionMask = 2147483647;
			files = (
				C552630323706467005E97DC /* SwedbankPaySDK.framework in Frameworks */,
				12D2874E8792C44CC0C01D64 /* Pods_SwedbankPaySDKTests.framework in Frameworks */,
			);
			runOnlyForDeploymentPostprocessing = 0;
		};
/* End PBXFrameworksBuildPhase section */

/* Begin PBXGroup section */
		2122311905BC86B6CA330A18 /* Pods */ = {
			isa = PBXGroup;
			children = (
				9D457A0E796800259ABC0664 /* Pods-SwedbankPaySDK.debug.xcconfig */,
				110CDE8EA475CE5CC951BFC4 /* Pods-SwedbankPaySDK.release.xcconfig */,
				AB85979580F4719F54964406 /* Pods-SwedbankPaySDKTests.debug.xcconfig */,
				B91F2029A3536C2C20B660C3 /* Pods-SwedbankPaySDKTests.release.xcconfig */,
			);
			path = Pods;
			sourceTree = "<group>";
		};
		A527F26E402CD01034DDFF5A /* Frameworks */ = {
			isa = PBXGroup;
			children = (
				111BB8C928CC879B20328A64 /* Pods_SwedbankPaySDK.framework */,
				A88F6FC2C0FDDDD83A2DDFEF /* Pods_SwedbankPaySDKTests.framework */,
			);
			name = Frameworks;
			sourceTree = "<group>";
		};
		C50CF6A3237AAE21003F79DF /* SwedbankPaySDK+Extensions */ = {
			isa = PBXGroup;
			children = (
				C50CF6A6237AAF85003F79DF /* ClientProblem.swift */,
				C50CF696237AA8ED003F79DF /* Configuration.swift */,
				C50CF69C237AACC3003F79DF /* Consumer.swift */,
				C50CF69E237AACEC003F79DF /* NationalIdentifier.swift */,
				C50CF69A237AAC99003F79DF /* PinPublicKeys.swift */,
				C50CF6A0237AAD15003F79DF /* Problem.swift */,
				C50CF6A8237AAFBF003F79DF /* ServerProblem.swift */,
				C50CF6A4237AAF47003F79DF /* SwedbankPaySubProblem.swift */,
				C50CF698237AAC73003F79DF /* WhitelistedDomain.swift */,
			);
			path = "SwedbankPaySDK+Extensions";
			sourceTree = "<group>";
		};
		C50CF6BA237AB922003F79DF /* Models */ = {
			isa = PBXGroup;
			children = (
				C50CF692237AA7DE003F79DF /* ClientProblemType.swift */,
				C585AF29237066EE006C2E16 /* EndPointName.swift */,
				C50CF68A237AA204003F79DF /* Operation.swift */,
				C50CF6B8237AB269003F79DF /* OperationsList.swift */,
				C50CF68E237AA43E003F79DF /* SDKProblemString.swift */,
				C50CF694237AA7F7003F79DF /* ServerProblemType.swift */,
				C50CF690237AA494003F79DF /* SwedbankWebView.swift */,
			);
			path = Models;
			sourceTree = "<group>";
		};
		C50CF6D2237AC76A003F79DF /* Utils */ = {
			isa = PBXGroup;
			children = (
				C50CF68C237AA3B0003F79DF /* TypeAliases.swift */,
			);
			path = Utils;
			sourceTree = "<group>";
		};
		C55262EF23706467005E97DC = {
			isa = PBXGroup;
			children = (
				C585AF21237066DC006C2E16 /* LICENSE */,
				C585AF22237066DC006C2E16 /* README.md */,
				C585AF30237066FB006C2E16 /* SwedbankPaySDK.podspec */,
				C55262FB23706467005E97DC /* SwedbankPaySDK */,
				C552630623706467005E97DC /* SwedbankPaySDKTests */,
				C55262FA23706467005E97DC /* Products */,
				2122311905BC86B6CA330A18 /* Pods */,
				A527F26E402CD01034DDFF5A /* Frameworks */,
			);
			sourceTree = "<group>";
		};
		C55262FA23706467005E97DC /* Products */ = {
			isa = PBXGroup;
			children = (
				C55262F923706467005E97DC /* SwedbankPaySDK.framework */,
				C552630223706467005E97DC /* SwedbankPaySDKTests.xctest */,
			);
			name = Products;
			sourceTree = "<group>";
		};
		C55262FB23706467005E97DC /* SwedbankPaySDK */ = {
			isa = PBXGroup;
			children = (
				C56B402923706D38000EB14A /* Info.plist */,
				C585AF25237066EE006C2E16 /* Classes */,
			);
			path = SwedbankPaySDK;
			sourceTree = "<group>";
		};
		C552630623706467005E97DC /* SwedbankPaySDKTests */ = {
			isa = PBXGroup;
			children = (
				C573118B237070E200EA98A6 /* Info.plist */,
				C552630723706467005E97DC /* SwedbankPaySDKTests.swift */,
				A59E00692386AF760070A82D /* SwedbankPaySDKViewModelTests.swift */,
			);
			path = SwedbankPaySDKTests;
			sourceTree = "<group>";
		};
		C585AF25237066EE006C2E16 /* Classes */ = {
			isa = PBXGroup;
			children = (
				C50CF6BA237AB922003F79DF /* Models */,
				C50CF6A3237AAE21003F79DF /* SwedbankPaySDK+Extensions */,
				C50CF6D2237AC76A003F79DF /* Utils */,
				C585AF27237066EE006C2E16 /* SwedbankPaySDK.swift */,
				C585AF2A237066EE006C2E16 /* SwedbankPaySDKController.swift */,
				C585AF28237066EE006C2E16 /* SwedbankPaySDKViewModel.swift */,
				C585AF26237066EE006C2E16 /* SwedbankPaySDKToSViewController.swift */,
			);
			path = Classes;
			sourceTree = "<group>";
		};
/* End PBXGroup section */

/* Begin PBXHeadersBuildPhase section */
		C55262F423706467005E97DC /* Headers */ = {
			isa = PBXHeadersBuildPhase;
			buildActionMask = 2147483647;
			files = (
			);
			runOnlyForDeploymentPostprocessing = 0;
		};
/* End PBXHeadersBuildPhase section */

/* Begin PBXNativeTarget section */
		C55262F823706467005E97DC /* SwedbankPaySDK */ = {
			isa = PBXNativeTarget;
			buildConfigurationList = C552630D23706467005E97DC /* Build configuration list for PBXNativeTarget "SwedbankPaySDK" */;
			buildPhases = (
				9B84331AFFFD5A3444C46FEB /* [CP] Check Pods Manifest.lock */,
				C55262F423706467005E97DC /* Headers */,
				C55262F523706467005E97DC /* Sources */,
				C55262F623706467005E97DC /* Frameworks */,
				C55262F723706467005E97DC /* Resources */,
			);
			buildRules = (
			);
			dependencies = (
			);
			name = SwedbankPaySDK;
			productName = SwedbankPaySDK;
			productReference = C55262F923706467005E97DC /* SwedbankPaySDK.framework */;
			productType = "com.apple.product-type.framework";
		};
		C552630123706467005E97DC /* SwedbankPaySDKTests */ = {
			isa = PBXNativeTarget;
			buildConfigurationList = C552631023706467005E97DC /* Build configuration list for PBXNativeTarget "SwedbankPaySDKTests" */;
			buildPhases = (
				E1B379729464BF2937B57666 /* [CP] Check Pods Manifest.lock */,
				C55262FE23706467005E97DC /* Sources */,
				C55262FF23706467005E97DC /* Frameworks */,
				C552630023706467005E97DC /* Resources */,
				FA72F162D837B311F52204B1 /* [CP] Embed Pods Frameworks */,
			);
			buildRules = (
			);
			dependencies = (
				C552630523706467005E97DC /* PBXTargetDependency */,
			);
			name = SwedbankPaySDKTests;
			productName = SwedbankPaySDKTests;
			productReference = C552630223706467005E97DC /* SwedbankPaySDKTests.xctest */;
			productType = "com.apple.product-type.bundle.unit-test";
		};
/* End PBXNativeTarget section */

/* Begin PBXProject section */
		C55262F023706467005E97DC /* Project object */ = {
			isa = PBXProject;
			attributes = {
				LastSwiftUpdateCheck = 1100;
				LastUpgradeCheck = 1100;
				ORGANIZATIONNAME = Swedbank;
				TargetAttributes = {
					C55262F823706467005E97DC = {
						CreatedOnToolsVersion = 11.0;
					};
					C552630123706467005E97DC = {
						CreatedOnToolsVersion = 11.0;
					};
				};
			};
			buildConfigurationList = C55262F323706467005E97DC /* Build configuration list for PBXProject "SwedbankPaySDK" */;
			compatibilityVersion = "Xcode 9.3";
			developmentRegion = en;
			hasScannedForEncodings = 0;
			knownRegions = (
				en,
				Base,
			);
			mainGroup = C55262EF23706467005E97DC;
			productRefGroup = C55262FA23706467005E97DC /* Products */;
			projectDirPath = "";
			projectRoot = "";
			targets = (
				C55262F823706467005E97DC /* SwedbankPaySDK */,
				C552630123706467005E97DC /* SwedbankPaySDKTests */,
			);
		};
/* End PBXProject section */

/* Begin PBXResourcesBuildPhase section */
		C55262F723706467005E97DC /* Resources */ = {
			isa = PBXResourcesBuildPhase;
			buildActionMask = 2147483647;
			files = (
				C585AF31237066FB006C2E16 /* SwedbankPaySDK.podspec in Resources */,
				C585AF24237066DC006C2E16 /* README.md in Resources */,
				C585AF23237066DC006C2E16 /* LICENSE in Resources */,
			);
			runOnlyForDeploymentPostprocessing = 0;
		};
		C552630023706467005E97DC /* Resources */ = {
			isa = PBXResourcesBuildPhase;
			buildActionMask = 2147483647;
			files = (
			);
			runOnlyForDeploymentPostprocessing = 0;
		};
/* End PBXResourcesBuildPhase section */

/* Begin PBXShellScriptBuildPhase section */
		9B84331AFFFD5A3444C46FEB /* [CP] Check Pods Manifest.lock */ = {
			isa = PBXShellScriptBuildPhase;
			buildActionMask = 2147483647;
			files = (
			);
			inputFileListPaths = (
			);
			inputPaths = (
				"${PODS_PODFILE_DIR_PATH}/Podfile.lock",
				"${PODS_ROOT}/Manifest.lock",
			);
			name = "[CP] Check Pods Manifest.lock";
			outputFileListPaths = (
			);
			outputPaths = (
				"$(DERIVED_FILE_DIR)/Pods-SwedbankPaySDK-checkManifestLockResult.txt",
			);
			runOnlyForDeploymentPostprocessing = 0;
			shellPath = /bin/sh;
			shellScript = "diff \"${PODS_PODFILE_DIR_PATH}/Podfile.lock\" \"${PODS_ROOT}/Manifest.lock\" > /dev/null\nif [ $? != 0 ] ; then\n    # print error to STDERR\n    echo \"error: The sandbox is not in sync with the Podfile.lock. Run 'pod install' or update your CocoaPods installation.\" >&2\n    exit 1\nfi\n# This output is used by Xcode 'outputs' to avoid re-running this script phase.\necho \"SUCCESS\" > \"${SCRIPT_OUTPUT_FILE_0}\"\n";
			showEnvVarsInLog = 0;
		};
		E1B379729464BF2937B57666 /* [CP] Check Pods Manifest.lock */ = {
			isa = PBXShellScriptBuildPhase;
			buildActionMask = 2147483647;
			files = (
			);
			inputFileListPaths = (
			);
			inputPaths = (
				"${PODS_PODFILE_DIR_PATH}/Podfile.lock",
				"${PODS_ROOT}/Manifest.lock",
			);
			name = "[CP] Check Pods Manifest.lock";
			outputFileListPaths = (
			);
			outputPaths = (
				"$(DERIVED_FILE_DIR)/Pods-SwedbankPaySDKTests-checkManifestLockResult.txt",
			);
			runOnlyForDeploymentPostprocessing = 0;
			shellPath = /bin/sh;
			shellScript = "diff \"${PODS_PODFILE_DIR_PATH}/Podfile.lock\" \"${PODS_ROOT}/Manifest.lock\" > /dev/null\nif [ $? != 0 ] ; then\n    # print error to STDERR\n    echo \"error: The sandbox is not in sync with the Podfile.lock. Run 'pod install' or update your CocoaPods installation.\" >&2\n    exit 1\nfi\n# This output is used by Xcode 'outputs' to avoid re-running this script phase.\necho \"SUCCESS\" > \"${SCRIPT_OUTPUT_FILE_0}\"\n";
			showEnvVarsInLog = 0;
		};
		FA72F162D837B311F52204B1 /* [CP] Embed Pods Frameworks */ = {
			isa = PBXShellScriptBuildPhase;
			buildActionMask = 2147483647;
			files = (
			);
			inputFileListPaths = (
				"${PODS_ROOT}/Target Support Files/Pods-SwedbankPaySDKTests/Pods-SwedbankPaySDKTests-frameworks-${CONFIGURATION}-input-files.xcfilelist",
			);
			name = "[CP] Embed Pods Frameworks";
			outputFileListPaths = (
				"${PODS_ROOT}/Target Support Files/Pods-SwedbankPaySDKTests/Pods-SwedbankPaySDKTests-frameworks-${CONFIGURATION}-output-files.xcfilelist",
			);
			runOnlyForDeploymentPostprocessing = 0;
			shellPath = /bin/sh;
			shellScript = "\"${PODS_ROOT}/Target Support Files/Pods-SwedbankPaySDKTests/Pods-SwedbankPaySDKTests-frameworks.sh\"\n";
			showEnvVarsInLog = 0;
		};
/* End PBXShellScriptBuildPhase section */

/* Begin PBXSourcesBuildPhase section */
		C55262F523706467005E97DC /* Sources */ = {
			isa = PBXSourcesBuildPhase;
			buildActionMask = 2147483647;
			files = (
				C50CF6A5237AAF47003F79DF /* SwedbankPaySubProblem.swift in Sources */,
				C50CF69D237AACC3003F79DF /* Consumer.swift in Sources */,
				C585AF2E237066EE006C2E16 /* EndPointName.swift in Sources */,
				C585AF2F237066EE006C2E16 /* SwedbankPaySDKController.swift in Sources */,
				C50CF68D237AA3B0003F79DF /* TypeAliases.swift in Sources */,
				C50CF6A7237AAF85003F79DF /* ClientProblem.swift in Sources */,
				C50CF6A9237AAFBF003F79DF /* ServerProblem.swift in Sources */,
				C50CF6A1237AAD15003F79DF /* Problem.swift in Sources */,
				C50CF68F237AA43E003F79DF /* SDKProblemString.swift in Sources */,
				C50CF693237AA7DE003F79DF /* ClientProblemType.swift in Sources */,
				C585AF2C237066EE006C2E16 /* SwedbankPaySDK.swift in Sources */,
				C50CF697237AA8ED003F79DF /* Configuration.swift in Sources */,
				C50CF699237AAC73003F79DF /* WhitelistedDomain.swift in Sources */,
				C50CF69B237AAC99003F79DF /* PinPublicKeys.swift in Sources */,
				C50CF6B9237AB269003F79DF /* OperationsList.swift in Sources */,
				C50CF695237AA7F7003F79DF /* ServerProblemType.swift in Sources */,
				C585AF2D237066EE006C2E16 /* SwedbankPaySDKViewModel.swift in Sources */,
				C50CF69F237AACEC003F79DF /* NationalIdentifier.swift in Sources */,
				C50CF691237AA495003F79DF /* SwedbankWebView.swift in Sources */,
				C585AF2B237066EE006C2E16 /* SwedbankPaySDKToSViewController.swift in Sources */,
				C50CF68B237AA204003F79DF /* Operation.swift in Sources */,
			);
			runOnlyForDeploymentPostprocessing = 0;
		};
		C55262FE23706467005E97DC /* Sources */ = {
			isa = PBXSourcesBuildPhase;
			buildActionMask = 2147483647;
			files = (
				C50CF6C1237ABACF003F79DF /* SwedbankWebView.swift in Sources */,
				C50CF6C6237ABAD8003F79DF /* Consumer.swift in Sources */,
				C50CF6BB237ABACF003F79DF /* ClientProblemType.swift in Sources */,
				C50CF6BE237ABACF003F79DF /* OperationsList.swift in Sources */,
				C50CF6CC237ABADC003F79DF /* SwedbankPaySDK.swift in Sources */,
				C50CF6CB237ABAD8003F79DF /* ServerProblem.swift in Sources */,
				C50CF6C7237ABAD8003F79DF /* NationalIdentifier.swift in Sources */,
				C50CF6C2237ABAD3003F79DF /* TypeAliases.swift in Sources */,
				C50CF6C5237ABAD8003F79DF /* PinPublicKeys.swift in Sources */,
				C552630823706467005E97DC /* SwedbankPaySDKTests.swift in Sources */,
				C50CF6CA237ABAD8003F79DF /* ClientProblem.swift in Sources */,
				C50CF6BF237ABACF003F79DF /* SDKProblemString.swift in Sources */,
				C50CF6C3237ABAD8003F79DF /* Configuration.swift in Sources */,
				C50CF6CE237ABAE2003F79DF /* SwedbankPaySDKViewModel.swift in Sources */,
				A59E006A2386AF760070A82D /* SwedbankPaySDKViewModelTests.swift in Sources */,
				C50CF6C9237ABAD8003F79DF /* SwedbankPaySubProblem.swift in Sources */,
				C50CF6BC237ABACF003F79DF /* EndPointName.swift in Sources */,
				C50CF6C0237ABACF003F79DF /* ServerProblemType.swift in Sources */,
				C50CF6CD237ABADE003F79DF /* SwedbankPaySDKController.swift in Sources */,
				C50CF6BD237ABACF003F79DF /* Operation.swift in Sources */,
				C50CF6C8237ABAD8003F79DF /* Problem.swift in Sources */,
				C50CF6C4237ABAD8003F79DF /* WhitelistedDomain.swift in Sources */,
				C50CF6CF237ABAE4003F79DF /* SwedbankPaySDKToSViewController.swift in Sources */,
			);
			runOnlyForDeploymentPostprocessing = 0;
		};
/* End PBXSourcesBuildPhase section */

/* Begin PBXTargetDependency section */
		C552630523706467005E97DC /* PBXTargetDependency */ = {
			isa = PBXTargetDependency;
			target = C55262F823706467005E97DC /* SwedbankPaySDK */;
			targetProxy = C552630423706467005E97DC /* PBXContainerItemProxy */;
		};
/* End PBXTargetDependency section */

/* Begin XCBuildConfiguration section */
		C552630B23706467005E97DC /* Debug */ = {
			isa = XCBuildConfiguration;
			buildSettings = {
				ALWAYS_SEARCH_USER_PATHS = NO;
				CLANG_ANALYZER_NONNULL = YES;
				CLANG_ANALYZER_NUMBER_OBJECT_CONVERSION = YES_AGGRESSIVE;
				CLANG_CXX_LANGUAGE_STANDARD = "gnu++14";
				CLANG_CXX_LIBRARY = "libc++";
				CLANG_ENABLE_MODULES = YES;
				CLANG_ENABLE_OBJC_ARC = YES;
				CLANG_ENABLE_OBJC_WEAK = YES;
				CLANG_WARN_BLOCK_CAPTURE_AUTORELEASING = YES;
				CLANG_WARN_BOOL_CONVERSION = YES;
				CLANG_WARN_COMMA = YES;
				CLANG_WARN_CONSTANT_CONVERSION = YES;
				CLANG_WARN_DEPRECATED_OBJC_IMPLEMENTATIONS = YES;
				CLANG_WARN_DIRECT_OBJC_ISA_USAGE = YES_ERROR;
				CLANG_WARN_DOCUMENTATION_COMMENTS = YES;
				CLANG_WARN_EMPTY_BODY = YES;
				CLANG_WARN_ENUM_CONVERSION = YES;
				CLANG_WARN_INFINITE_RECURSION = YES;
				CLANG_WARN_INT_CONVERSION = YES;
				CLANG_WARN_NON_LITERAL_NULL_CONVERSION = YES;
				CLANG_WARN_OBJC_IMPLICIT_RETAIN_SELF = YES;
				CLANG_WARN_OBJC_LITERAL_CONVERSION = YES;
				CLANG_WARN_OBJC_ROOT_CLASS = YES_ERROR;
				CLANG_WARN_RANGE_LOOP_ANALYSIS = YES;
				CLANG_WARN_STRICT_PROTOTYPES = YES;
				CLANG_WARN_SUSPICIOUS_MOVE = YES;
				CLANG_WARN_UNGUARDED_AVAILABILITY = YES_AGGRESSIVE;
				CLANG_WARN_UNREACHABLE_CODE = YES;
				CLANG_WARN__DUPLICATE_METHOD_MATCH = YES;
				COPY_PHASE_STRIP = NO;
				CURRENT_PROJECT_VERSION = 1;
				DEBUG_INFORMATION_FORMAT = dwarf;
				ENABLE_STRICT_OBJC_MSGSEND = YES;
				ENABLE_TESTABILITY = YES;
				GCC_C_LANGUAGE_STANDARD = gnu11;
				GCC_DYNAMIC_NO_PIC = NO;
				GCC_NO_COMMON_BLOCKS = YES;
				GCC_OPTIMIZATION_LEVEL = 0;
				GCC_PREPROCESSOR_DEFINITIONS = (
					"DEBUG=1",
					"$(inherited)",
				);
				GCC_WARN_64_TO_32_BIT_CONVERSION = YES;
				GCC_WARN_ABOUT_RETURN_TYPE = YES_ERROR;
				GCC_WARN_UNDECLARED_SELECTOR = YES;
				GCC_WARN_UNINITIALIZED_AUTOS = YES_AGGRESSIVE;
				GCC_WARN_UNUSED_FUNCTION = YES;
				GCC_WARN_UNUSED_VARIABLE = YES;
				IPHONEOS_DEPLOYMENT_TARGET = 9.0;
				MTL_ENABLE_DEBUG_INFO = INCLUDE_SOURCE;
				MTL_FAST_MATH = YES;
				ONLY_ACTIVE_ARCH = YES;
				SDKROOT = iphoneos;
				SWIFT_ACTIVE_COMPILATION_CONDITIONS = DEBUG;
				SWIFT_OPTIMIZATION_LEVEL = "-Onone";
				VERSIONING_SYSTEM = "apple-generic";
				VERSION_INFO_PREFIX = "";
			};
			name = Debug;
		};
		C552630C23706467005E97DC /* Release */ = {
			isa = XCBuildConfiguration;
			buildSettings = {
				ALWAYS_SEARCH_USER_PATHS = NO;
				CLANG_ANALYZER_NONNULL = YES;
				CLANG_ANALYZER_NUMBER_OBJECT_CONVERSION = YES_AGGRESSIVE;
				CLANG_CXX_LANGUAGE_STANDARD = "gnu++14";
				CLANG_CXX_LIBRARY = "libc++";
				CLANG_ENABLE_MODULES = YES;
				CLANG_ENABLE_OBJC_ARC = YES;
				CLANG_ENABLE_OBJC_WEAK = YES;
				CLANG_WARN_BLOCK_CAPTURE_AUTORELEASING = YES;
				CLANG_WARN_BOOL_CONVERSION = YES;
				CLANG_WARN_COMMA = YES;
				CLANG_WARN_CONSTANT_CONVERSION = YES;
				CLANG_WARN_DEPRECATED_OBJC_IMPLEMENTATIONS = YES;
				CLANG_WARN_DIRECT_OBJC_ISA_USAGE = YES_ERROR;
				CLANG_WARN_DOCUMENTATION_COMMENTS = YES;
				CLANG_WARN_EMPTY_BODY = YES;
				CLANG_WARN_ENUM_CONVERSION = YES;
				CLANG_WARN_INFINITE_RECURSION = YES;
				CLANG_WARN_INT_CONVERSION = YES;
				CLANG_WARN_NON_LITERAL_NULL_CONVERSION = YES;
				CLANG_WARN_OBJC_IMPLICIT_RETAIN_SELF = YES;
				CLANG_WARN_OBJC_LITERAL_CONVERSION = YES;
				CLANG_WARN_OBJC_ROOT_CLASS = YES_ERROR;
				CLANG_WARN_RANGE_LOOP_ANALYSIS = YES;
				CLANG_WARN_STRICT_PROTOTYPES = YES;
				CLANG_WARN_SUSPICIOUS_MOVE = YES;
				CLANG_WARN_UNGUARDED_AVAILABILITY = YES_AGGRESSIVE;
				CLANG_WARN_UNREACHABLE_CODE = YES;
				CLANG_WARN__DUPLICATE_METHOD_MATCH = YES;
				COPY_PHASE_STRIP = NO;
				CURRENT_PROJECT_VERSION = 1;
				DEBUG_INFORMATION_FORMAT = "dwarf-with-dsym";
				ENABLE_NS_ASSERTIONS = NO;
				ENABLE_STRICT_OBJC_MSGSEND = YES;
				GCC_C_LANGUAGE_STANDARD = gnu11;
				GCC_NO_COMMON_BLOCKS = YES;
				GCC_WARN_64_TO_32_BIT_CONVERSION = YES;
				GCC_WARN_ABOUT_RETURN_TYPE = YES_ERROR;
				GCC_WARN_UNDECLARED_SELECTOR = YES;
				GCC_WARN_UNINITIALIZED_AUTOS = YES_AGGRESSIVE;
				GCC_WARN_UNUSED_FUNCTION = YES;
				GCC_WARN_UNUSED_VARIABLE = YES;
				IPHONEOS_DEPLOYMENT_TARGET = 9.0;
				MTL_ENABLE_DEBUG_INFO = NO;
				MTL_FAST_MATH = YES;
				SDKROOT = iphoneos;
				SWIFT_COMPILATION_MODE = wholemodule;
				SWIFT_OPTIMIZATION_LEVEL = "-O";
				VALIDATE_PRODUCT = YES;
				VERSIONING_SYSTEM = "apple-generic";
				VERSION_INFO_PREFIX = "";
			};
			name = Release;
		};
		C552630E23706467005E97DC /* Debug */ = {
			isa = XCBuildConfiguration;
			baseConfigurationReference = 9D457A0E796800259ABC0664 /* Pods-SwedbankPaySDK.debug.xcconfig */;
			buildSettings = {
				CODE_SIGN_STYLE = Automatic;
				DEFINES_MODULE = YES;
				DEVELOPMENT_TEAM = "";
				DYLIB_COMPATIBILITY_VERSION = 1;
				DYLIB_CURRENT_VERSION = 1;
				DYLIB_INSTALL_NAME_BASE = "@rpath";
				INFOPLIST_FILE = SwedbankPaySDK/Info.plist;
				INSTALL_PATH = "$(LOCAL_LIBRARY_DIR)/Frameworks";
				IPHONEOS_DEPLOYMENT_TARGET = 9.0;
				LD_RUNPATH_SEARCH_PATHS = (
					"$(inherited)",
					"@executable_path/Frameworks",
					"@loader_path/Frameworks",
				);
				PRODUCT_BUNDLE_IDENTIFIER = com.swedbank.SwedbankPaySDK;
				PRODUCT_NAME = "$(TARGET_NAME:c99extidentifier)";
				SKIP_INSTALL = YES;
				SWIFT_VERSION = 5.0;
				TARGETED_DEVICE_FAMILY = "1,2";
			};
			name = Debug;
		};
		C552630F23706467005E97DC /* Release */ = {
			isa = XCBuildConfiguration;
			baseConfigurationReference = 110CDE8EA475CE5CC951BFC4 /* Pods-SwedbankPaySDK.release.xcconfig */;
			buildSettings = {
				CODE_SIGN_STYLE = Automatic;
				DEFINES_MODULE = YES;
				DEVELOPMENT_TEAM = "";
				DYLIB_COMPATIBILITY_VERSION = 1;
				DYLIB_CURRENT_VERSION = 1;
				DYLIB_INSTALL_NAME_BASE = "@rpath";
				INFOPLIST_FILE = SwedbankPaySDK/Info.plist;
				INSTALL_PATH = "$(LOCAL_LIBRARY_DIR)/Frameworks";
				IPHONEOS_DEPLOYMENT_TARGET = 9.0;
				LD_RUNPATH_SEARCH_PATHS = (
					"$(inherited)",
					"@executable_path/Frameworks",
					"@loader_path/Frameworks",
				);
				PRODUCT_BUNDLE_IDENTIFIER = com.swedbank.SwedbankPaySDK;
				PRODUCT_NAME = "$(TARGET_NAME:c99extidentifier)";
				SKIP_INSTALL = YES;
				SWIFT_VERSION = 5.0;
				TARGETED_DEVICE_FAMILY = "1,2";
			};
			name = Release;
		};
		C552631123706467005E97DC /* Debug */ = {
			isa = XCBuildConfiguration;
			baseConfigurationReference = AB85979580F4719F54964406 /* Pods-SwedbankPaySDKTests.debug.xcconfig */;
			buildSettings = {
				ALWAYS_EMBED_SWIFT_STANDARD_LIBRARIES = YES;
				CODE_SIGN_STYLE = Automatic;
				DEVELOPMENT_TEAM = "";
				INFOPLIST_FILE = SwedbankPaySDKTests/Info.plist;
				LD_RUNPATH_SEARCH_PATHS = (
					"$(inherited)",
					"@executable_path/Frameworks",
					"@loader_path/Frameworks",
				);
				PRODUCT_BUNDLE_IDENTIFIER = com.swedbank.SwedbankPaySDKTests;
				PRODUCT_NAME = "$(TARGET_NAME)";
				SWIFT_VERSION = 5.0;
				TARGETED_DEVICE_FAMILY = "1,2";
			};
			name = Debug;
		};
		C552631223706467005E97DC /* Release */ = {
			isa = XCBuildConfiguration;
			baseConfigurationReference = B91F2029A3536C2C20B660C3 /* Pods-SwedbankPaySDKTests.release.xcconfig */;
			buildSettings = {
				ALWAYS_EMBED_SWIFT_STANDARD_LIBRARIES = YES;
				CODE_SIGN_STYLE = Automatic;
				DEVELOPMENT_TEAM = "";
				INFOPLIST_FILE = SwedbankPaySDKTests/Info.plist;
				LD_RUNPATH_SEARCH_PATHS = (
					"$(inherited)",
					"@executable_path/Frameworks",
					"@loader_path/Frameworks",
				);
				PRODUCT_BUNDLE_IDENTIFIER = com.swedbank.SwedbankPaySDKTests;
				PRODUCT_NAME = "$(TARGET_NAME)";
				SWIFT_VERSION = 5.0;
				TARGETED_DEVICE_FAMILY = "1,2";
			};
			name = Release;
		};
/* End XCBuildConfiguration section */

/* Begin XCConfigurationList section */
		C55262F323706467005E97DC /* Build configuration list for PBXProject "SwedbankPaySDK" */ = {
			isa = XCConfigurationList;
			buildConfigurations = (
				C552630B23706467005E97DC /* Debug */,
				C552630C23706467005E97DC /* Release */,
			);
			defaultConfigurationIsVisible = 0;
			defaultConfigurationName = Release;
		};
		C552630D23706467005E97DC /* Build configuration list for PBXNativeTarget "SwedbankPaySDK" */ = {
			isa = XCConfigurationList;
			buildConfigurations = (
				C552630E23706467005E97DC /* Debug */,
				C552630F23706467005E97DC /* Release */,
			);
			defaultConfigurationIsVisible = 0;
			defaultConfigurationName = Release;
		};
		C552631023706467005E97DC /* Build configuration list for PBXNativeTarget "SwedbankPaySDKTests" */ = {
			isa = XCConfigurationList;
			buildConfigurations = (
				C552631123706467005E97DC /* Debug */,
				C552631223706467005E97DC /* Release */,
			);
			defaultConfigurationIsVisible = 0;
			defaultConfigurationName = Release;
		};
/* End XCConfigurationList section */
	};
	rootObject = C55262F023706467005E97DC /* Project object */;
}
